{
    "_readme": [
        "This file locks the dependencies of your project to a known state",
        "Read more about it at https://getcomposer.org/doc/01-basic-usage.md#installing-dependencies",
        "This file is @generated automatically"
    ],
    "content-hash": "eff254a2b6a8cacf1c85835cfcf733f9",
    "packages": [
        {
            "name": "sobit/swiftmailer-component",
            "version": "dev-master",
            "source": {
                "type": "git",
                "url": "https://github.com/sobit/swiftmailer-component.git",
                "reference": "b0fcd22069147f1a10b5aab45607f3b665ec77c1"
            },
            "dist": {
                "type": "zip",
                "url": "https://api.github.com/repos/sobit/swiftmailer-component/zipball/b0fcd22069147f1a10b5aab45607f3b665ec77c1",
                "reference": "b0fcd22069147f1a10b5aab45607f3b665ec77c1",
                "shasum": ""
            },
            "require": {
                "php": ">=5.3.0",
                "swiftmailer/swiftmailer": "5.1.*",
                "yiisoft/yii": "1.1.*"
            },
            "default-branch": true,
            "type": "library",
            "autoload": {
                "psr-0": {
                    "SwiftMailerComponent": ""
                }
            },
            "notification-url": "https://packagist.org/downloads/",
            "license": [
                "MIT"
            ],
            "authors": [
                {
                    "name": "Sobit Akhmedov",
                    "email": "sobit.akhmedov@gmail.com"
                }
            ],
            "description": "Component for Yii Framework based application which provides simple configuration interface for Swift Mailer library.",
            "homepage": "https://github.com/sobit/swiftmailer-component",
            "keywords": [
                "component",
                "sobit",
                "swiftmailer",
                "yii"
            ],
            "support": {
                "issues": "https://github.com/sobit/swiftmailer-component/issues",
                "source": "https://github.com/sobit/swiftmailer-component/tree/master"
            },
            "time": "2014-06-04T18:50:40+00:00"
        },
        {
            "name": "swiftmailer/swiftmailer",
            "version": "v5.1.0",
            "source": {
                "type": "git",
                "url": "https://github.com/swiftmailer/swiftmailer.git",
                "reference": "748c01c1144713ac0118396935d10b6ceec91b68"
            },
            "dist": {
                "type": "zip",
                "url": "https://api.github.com/repos/swiftmailer/swiftmailer/zipball/748c01c1144713ac0118396935d10b6ceec91b68",
                "reference": "748c01c1144713ac0118396935d10b6ceec91b68",
                "shasum": ""
            },
            "require": {
                "php": ">=5.2.4"
            },
            "type": "library",
            "extra": {
                "branch-alias": {
                    "dev-master": "5.1-dev"
                }
            },
            "autoload": {
                "files": [
                    "lib/swift_required.php"
                ]
            },
            "notification-url": "https://packagist.org/downloads/",
            "license": [
                "MIT"
            ],
            "authors": [
                {
                    "name": "Fabien Potencier",
                    "email": "fabien@symfony.com",
                    "homepage": "http://fabien.potencier.org",
                    "role": "Lead Developer"
                },
                {
                    "name": "Chris Corbyn"
                }
            ],
            "description": "Swiftmailer, free feature-rich PHP mailer",
            "homepage": "http://swiftmailer.org",
            "keywords": [
                "mail",
                "mailer"
            ],
            "support": {
                "issues": "https://github.com/swiftmailer/swiftmailer/issues",
                "source": "https://github.com/swiftmailer/swiftmailer/tree/v5.1.0"
            },
            "abandoned": "symfony/mailer",
            "time": "2014-03-18T09:03:27+00:00"
        },
        {
            "name": "yiisoft/yii",
            "version": "1.1.26",
            "source": {
                "type": "git",
                "url": "https://github.com/yiisoft/yii.git",
                "reference": "bda32f68713d4501d3fe9571e09e4b2fa06c53b7"
            },
            "dist": {
                "type": "zip",
                "url": "https://api.github.com/repos/yiisoft/yii/zipball/bda32f68713d4501d3fe9571e09e4b2fa06c53b7",
                "reference": "bda32f68713d4501d3fe9571e09e4b2fa06c53b7",
                "shasum": ""
            },
            "require": {
                "php": ">=5.1.0"
            },
            "require-dev": {
                "cweagans/composer-patches": "^1.7",
                "pear/archive_tar": "~1.4.6",
                "phing/phing": "2.*",
                "phpseclib/mcrypt_compat": "^1.0",
                "phpunit/phpunit": "4.8.34",
                "phpunit/phpunit-selenium": "~1.4.0"
            },
            "suggest": {
                "ext-mcrypt": "Required by encrypt and decrypt methods of CSecurityManager",
                "phpseclib/mcrypt_compat": "To provide mcrypt polyfill when extension is unavailable"
            },
            "bin": [
                "framework/yiic"
            ],
            "type": "library",
            "extra": {
                "branch-alias": {
                    "dev-master": "1.1.x-dev"
                },
                "composer-exit-on-patch-failure": true,
                "patches": {
                    "phpunit/phpunit-mock-objects": {
                        "Fix PHP 7 and 8 compatibility": "https://yiisoft.github.io/phpunit-patches/phpunit_mock_objects.patch"
                    },
                    "phpunit/php-file-iterator": {
                        "Fix PHP 8.1 compatibility": "https://yiisoft.github.io/phpunit-patches/phpunit_path_file_iterator.patch"
                    },
                    "phpunit/phpunit": {
                        "Fix PHP 7 compatibility": "https://yiisoft.github.io/phpunit-patches/phpunit_php7.patch",
                        "Fix PHP 8 compatibility": "https://yiisoft.github.io/phpunit-patches/phpunit_php8.patch",
                        "Fix PHP 8.1 compatibility": "https://yiisoft.github.io/phpunit-patches/phpunit_php81.patch"
                    }
                }
            },
            "autoload": {
                "classmap": [
                    "framework/YiiBase.php",
                    "framework/yii.php"
                ]
            },
            "notification-url": "https://packagist.org/downloads/",
            "license": [
                "BSD-3-Clause"
            ],
            "authors": [
                {
                    "name": "Qiang Xue",
                    "email": "qiang.xue@gmail.com",
                    "homepage": "https://www.yiiframework.com/",
                    "role": "Founder and project lead"
                },
                {
                    "name": "Alexander Makarov",
                    "email": "sam@rmcreative.ru",
                    "homepage": "https://rmcreative.ru/",
                    "role": "Core framework development"
                },
                {
                    "name": "Maurizio Domba",
                    "homepage": "http://mdomba.info/",
                    "role": "Core framework development"
                },
                {
                    "name": "Carsten Brandt",
                    "email": "mail@cebe.cc",
                    "homepage": "https://cebe.cc/",
                    "role": "Core framework development"
                },
                {
                    "name": "Timur Ruziev",
                    "email": "resurtm@gmail.com",
                    "homepage": "http://resurtm.com/",
                    "role": "Core framework development"
                },
                {
                    "name": "Paul Klimov",
                    "email": "klimov.paul@gmail.com",
                    "role": "Core framework development"
                },
                {
                    "name": "Wei Zhuo",
                    "email": "weizhuo@gmail.com",
                    "role": "Project site maintenance and development"
                },
                {
                    "name": "Sebastián Thierer",
                    "email": "sebas@artfos.com",
                    "role": "Component development"
                },
                {
                    "name": "Jeffrey Winesett",
                    "email": "jefftulsa@gmail.com",
                    "role": "Documentation and marketing"
                }
            ],
            "description": "Yii Web Programming Framework",
            "homepage": "https://www.yiiframework.com/",
            "keywords": [
                "framework",
                "yii"
            ],
            "support": {
                "forum": "https://www.yiiframework.com/forum/",
                "irc": "irc://irc.freenode.net/yii",
                "issues": "https://github.com/yiisoft/yii/issues?state=open",
                "source": "https://github.com/yiisoft/yii",
                "wiki": "https://www.yiiframework.com/wiki/"
            },
            "funding": [
                {
                    "url": "https://github.com/yiisoft",
                    "type": "github"
                },
                {
                    "url": "https://opencollective.com/yiisoft",
                    "type": "open_collective"
                },
                {
                    "url": "https://tidelift.com/funding/github/packagist/yiisoft/yii",
                    "type": "tidelift"
                }
            ],
            "time": "2022-09-30T11:46:30+00:00"
        }
    ],
    "packages-dev": [],
    "aliases": [],
    "minimum-stability": "stable",
    "stability-flags": {
        "sobit/swiftmailer-component": 20
    },
    "prefer-stable": false,
    "prefer-lowest": false,
    "platform": {
        "php": ">=5.1.0"
    },
    "platform-dev": [],
    "plugin-api-version": "2.2.0"
}
